
Microsoft Visual Studio Solution File, Format Version 12.00
# Visual Studio Version 16
VisualStudioVersion = 16.0.29424.173
MinimumVisualStudioVersion = 10.0.40219.1
Project("{FAE04EC0-301F-11D3-BF4B-00C04F79EFBC}") = "GraphicalProgramingLanguage", "GraphicalProgramingLanguage\GraphicalProgramingLanguage.csproj", "{7EA15190-0462-4DEF-AB7B-FDB664D8F829}"
EndProject
Project("{FAE04EC0-301F-11D3-BF4B-00C04F79EFBC}") = "UnitTests", "UnitTests\UnitTests.csproj", "{A99C94F0-048E-4D3A-BDE6-BF0BF4F0FA56}"
EndProject
Global
	GlobalSection(SolutionConfigurationPlatforms) = preSolution
		Debug|Any CPU = Debug|Any CPU
		Release|Any CPU = Release|Any CPU
	EndGlobalSection
	GlobalSection(ProjectConfigurationPlatforms) = postSolution
		{7EA15190-0462-4DEF-AB7B-FDB664D8F829}.Debug|Any CPU.ActiveCfg = Debug|Any CPU
		{7EA15190-0462-4DEF-AB7B-FDB664D8F829}.Debug|Any CPU.Build.0 = Debug|Any CPU
		{7EA15190-0462-4DEF-AB7B-FDB664D8F829}.Release|Any CPU.ActiveCfg = Release|Any CPU
		{7EA15190-0462-4DEF-AB7B-FDB664D8F829}.Release|Any CPU.Build.0 = Release|Any CPU
		{A99C94F0-048E-4D3A-BDE6-BF0BF4F0FA56}.Debug|Any CPU.ActiveCfg = Debug|Any CPU
		{A99C94F0-048E-4D3A-BDE6-BF0BF4F0FA56}.Debug|Any CPU.Build.0 = Debug|Any CPU
		{A99C94F0-048E-4D3A-BDE6-BF0BF4F0FA56}.Release|Any CPU.ActiveCfg = Release|Any CPU
		{A99C94F0-048E-4D3A-BDE6-BF0BF4F0FA56}.Release|Any CPU.Build.0 = Release|Any CPU
	EndGlobalSection
	GlobalSection(SolutionProperties) = preSolution
		HideSolutionNode = FALSE
	EndGlobalSection
	GlobalSection(ExtensibilityGlobals) = postSolution
		SolutionGuid = {88946463-9BCE-4099-A761-7615EF5469C0}
	EndGlobalSection
EndGlobal
